
Microsoft Visual Studio Solution File, Format Version 12.00
# Visual Studio Version 16
VisualStudioVersion = 16.0.29613.14
MinimumVisualStudioVersion = 10.0.40219.1
Project("{FAE04EC0-301F-11D3-BF4B-00C04F79EFBC}") = "User_Service", "User_Service.csproj", "{374BC211-8BDD-4C71-B511-07420BD8D796}"
EndProject
Global
	GlobalSection(SolutionConfigurationPlatforms) = preSolution
		Debug|Any CPU = Debug|Any CPU
		Release|Any CPU = Release|Any CPU
	EndGlobalSection
	GlobalSection(ProjectConfigurationPlatforms) = postSolution
		{374BC211-8BDD-4C71-B511-07420BD8D796}.Debug|Any CPU.ActiveCfg = Debug|Any CPU
		{374BC211-8BDD-4C71-B511-07420BD8D796}.Debug|Any CPU.Build.0 = Debug|Any CPU
		{374BC211-8BDD-4C71-B511-07420BD8D796}.Release|Any CPU.ActiveCfg = Release|Any CPU
		{374BC211-8BDD-4C71-B511-07420BD8D796}.Release|Any CPU.Build.0 = Release|Any CPU
	EndGlobalSection
	GlobalSection(SolutionProperties) = preSolution
		HideSolutionNode = FALSE
	EndGlobalSection
	GlobalSection(ExtensibilityGlobals) = postSolution
		SolutionGuid = {F709C393-AE48-4122-8B14-3544D359935F}
	EndGlobalSection
EndGlobal
